// !$*UTF8*$!
{
	archiveVersion = 1;
	classes = {
	};
	objectVersion = 46;
	objects = {

/* Begin PBXBuildFile section */
		550774AE1BD38F5700299EC5 /* AppDelegate.swift in Sources */ = {isa = PBXBuildFile; fileRef = 550774AD1BD38F5700299EC5 /* AppDelegate.swift */; };
		550774B01BD38F5700299EC5 /* Assets.xcassets in Resources */ = {isa = PBXBuildFile; fileRef = 550774AF1BD38F5700299EC5 /* Assets.xcassets */; };
		550774B31BD38F5700299EC5 /* MainMenu.xib in Resources */ = {isa = PBXBuildFile; fileRef = 550774B11BD38F5700299EC5 /* MainMenu.xib */; };
		550774BB1BD38F7800299EC5 /* CombatTestView.swift in Sources */ = {isa = PBXBuildFile; fileRef = 550774BA1BD38F7800299EC5 /* CombatTestView.swift */; settings = {ASSET_TAGS = (); }; };
		550774C81BD3B1B100299EC5 /* intercombatsystem_cpp.framework in Frameworks */ = {isa = PBXBuildFile; fileRef = 550774C11BD3B1B100299EC5 /* intercombatsystem_cpp.framework */; };
		550774C91BD3B1B100299EC5 /* intercombatsystem_cpp.framework in Embed Frameworks */ = {isa = PBXBuildFile; fileRef = 550774C11BD3B1B100299EC5 /* intercombatsystem_cpp.framework */; settings = {ATTRIBUTES = (CodeSignOnCopy, RemoveHeadersOnCopy, ); }; };
		550774CF1BD3B24700299EC5 /* intercombatsystem.swift in Sources */ = {isa = PBXBuildFile; fileRef = 550774CE1BD3B24700299EC5 /* intercombatsystem.swift */; settings = {ASSET_TAGS = (); }; };
		550774D11BD3B40800299EC5 /* intercombatsystem_bridging_header.h in Headers */ = {isa = PBXBuildFile; fileRef = 550774D01BD3B40800299EC5 /* intercombatsystem_bridging_header.h */; settings = {ASSET_TAGS = (); }; };
		550774D51BD3B49F00299EC5 /* intercombatsystem_cpp.hpp in Headers */ = {isa = PBXBuildFile; fileRef = 550774D31BD3B49F00299EC5 /* intercombatsystem_cpp.hpp */; settings = {ASSET_TAGS = (); }; };
		55CD86F31BD41A81008E93A9 /* intercombatsystem.cpp in Sources */ = {isa = PBXBuildFile; fileRef = 55CD86F11BD41A81008E93A9 /* intercombatsystem.cpp */; settings = {ASSET_TAGS = (); }; };
		55CD86F41BD41A81008E93A9 /* intercombatsystem.h in Headers */ = {isa = PBXBuildFile; fileRef = 55CD86F21BD41A81008E93A9 /* intercombatsystem.h */; settings = {ASSET_TAGS = (); }; };
		55CD86F61BD42250008E93A9 /* intercombatsystem_cpp.cpp in Sources */ = {isa = PBXBuildFile; fileRef = 55CD86F51BD42250008E93A9 /* intercombatsystem_cpp.cpp */; settings = {ASSET_TAGS = (); }; };
/* End PBXBuildFile section */

/* Begin PBXContainerItemProxy section */
		550774C61BD3B1B100299EC5 /* PBXContainerItemProxy */ = {
			isa = PBXContainerItemProxy;
			containerPortal = 550774A21BD38F5700299EC5 /* Project object */;
			proxyType = 1;
			remoteGlobalIDString = 550774C01BD3B1B100299EC5;
			remoteInfo = intercombatsystem_cpp;
		};
/* End PBXContainerItemProxy section */

/* Begin PBXCopyFilesBuildPhase section */
		550774CD1BD3B1B100299EC5 /* Embed Frameworks */ = {
			isa = PBXCopyFilesBuildPhase;
			buildActionMask = 2147483647;
			dstPath = "";
			dstSubfolderSpec = 10;
			files = (
				550774C91BD3B1B100299EC5 /* intercombatsystem_cpp.framework in Embed Frameworks */,
			);
			name = "Embed Frameworks";
			runOnlyForDeploymentPostprocessing = 0;
		};
/* End PBXCopyFilesBuildPhase section */

/* Begin PBXFileReference section */
		550774AA1BD38F5700299EC5 /* intercombatsystem.app */ = {isa = PBXFileReference; explicitFileType = wrapper.application; includeInIndex = 0; path = intercombatsystem.app; sourceTree = BUILT_PRODUCTS_DIR; };
		550774AD1BD38F5700299EC5 /* AppDelegate.swift */ = {isa = PBXFileReference; lastKnownFileType = sourcecode.swift; path = AppDelegate.swift; sourceTree = "<group>"; };
		550774AF1BD38F5700299EC5 /* Assets.xcassets */ = {isa = PBXFileReference; lastKnownFileType = folder.assetcatalog; path = Assets.xcassets; sourceTree = "<group>"; };
		550774B21BD38F5700299EC5 /* Base */ = {isa = PBXFileReference; lastKnownFileType = file.xib; name = Base; path = Base.lproj/MainMenu.xib; sourceTree = "<group>"; };
		550774B41BD38F5700299EC5 /* Info.plist */ = {isa = PBXFileReference; lastKnownFileType = text.plist.xml; path = Info.plist; sourceTree = "<group>"; };
		550774BA1BD38F7800299EC5 /* CombatTestView.swift */ = {isa = PBXFileReference; fileEncoding = 4; lastKnownFileType = sourcecode.swift; path = CombatTestView.swift; sourceTree = "<group>"; };
		550774C11BD3B1B100299EC5 /* intercombatsystem_cpp.framework */ = {isa = PBXFileReference; explicitFileType = wrapper.framework; includeInIndex = 0; path = intercombatsystem_cpp.framework; sourceTree = BUILT_PRODUCTS_DIR; };
		550774C51BD3B1B100299EC5 /* Info.plist */ = {isa = PBXFileReference; lastKnownFileType = text.plist.xml; path = Info.plist; sourceTree = "<group>"; };
		550774CE1BD3B24700299EC5 /* intercombatsystem.swift */ = {isa = PBXFileReference; fileEncoding = 4; lastKnownFileType = sourcecode.swift; path = intercombatsystem.swift; sourceTree = "<group>"; };
		550774D01BD3B40800299EC5 /* intercombatsystem_bridging_header.h */ = {isa = PBXFileReference; fileEncoding = 4; lastKnownFileType = sourcecode.c.h; path = intercombatsystem_bridging_header.h; sourceTree = "<group>"; };
		550774D31BD3B49F00299EC5 /* intercombatsystem_cpp.hpp */ = {isa = PBXFileReference; fileEncoding = 4; lastKnownFileType = sourcecode.cpp.h; path = intercombatsystem_cpp.hpp; sourceTree = "<group>"; };
		55CD86F11BD41A81008E93A9 /* intercombatsystem.cpp */ = {isa = PBXFileReference; fileEncoding = 4; lastKnownFileType = sourcecode.cpp.cpp; path = intercombatsystem.cpp; sourceTree = "<group>"; };
		55CD86F21BD41A81008E93A9 /* intercombatsystem.h */ = {isa = PBXFileReference; fileEncoding = 4; lastKnownFileType = sourcecode.c.h; path = intercombatsystem.h; sourceTree = "<group>"; };
		55CD86F51BD42250008E93A9 /* intercombatsystem_cpp.cpp */ = {isa = PBXFileReference; fileEncoding = 4; lastKnownFileType = sourcecode.cpp.cpp; path = intercombatsystem_cpp.cpp; sourceTree = "<group>"; };
/* End PBXFileReference section */

/* Begin PBXFrameworksBuildPhase section */
		550774A71BD38F5700299EC5 /* Frameworks */ = {
			isa = PBXFrameworksBuildPhase;
			buildActionMask = 2147483647;
			files = (
				550774C81BD3B1B100299EC5 /* intercombatsystem_cpp.framework in Frameworks */,
			);
			runOnlyForDeploymentPostprocessing = 0;
		};
		550774BD1BD3B1B100299EC5 /* Frameworks */ = {
			isa = PBXFrameworksBuildPhase;
			buildActionMask = 2147483647;
			files = (
			);
			runOnlyForDeploymentPostprocessing = 0;
		};
/* End PBXFrameworksBuildPhase section */

/* Begin PBXGroup section */
		550774A11BD38F5700299EC5 = {
			isa = PBXGroup;
			children = (
				550774AC1BD38F5700299EC5 /* intercombatsystem */,
				550774C21BD3B1B100299EC5 /* intercombatsystem_cpp */,
				550774AB1BD38F5700299EC5 /* Products */,
			);
			sourceTree = "<group>";
		};
		550774AB1BD38F5700299EC5 /* Products */ = {
			isa = PBXGroup;
			children = (
				550774AA1BD38F5700299EC5 /* intercombatsystem.app */,
				550774C11BD3B1B100299EC5 /* intercombatsystem_cpp.framework */,
			);
			name = Products;
			sourceTree = "<group>";
		};
		550774AC1BD38F5700299EC5 /* intercombatsystem */ = {
			isa = PBXGroup;
			children = (
				550774AD1BD38F5700299EC5 /* AppDelegate.swift */,
				550774BA1BD38F7800299EC5 /* CombatTestView.swift */,
				550774AF1BD38F5700299EC5 /* Assets.xcassets */,
				550774B11BD38F5700299EC5 /* MainMenu.xib */,
				550774B41BD38F5700299EC5 /* Info.plist */,
			);
			path = intercombatsystem;
			sourceTree = "<group>";
		};
		550774C21BD3B1B100299EC5 /* intercombatsystem_cpp */ = {
			isa = PBXGroup;
			children = (
				550774CE1BD3B24700299EC5 /* intercombatsystem.swift */,
				550774D01BD3B40800299EC5 /* intercombatsystem_bridging_header.h */,
				550774D31BD3B49F00299EC5 /* intercombatsystem_cpp.hpp */,
				55CD86F51BD42250008E93A9 /* intercombatsystem_cpp.cpp */,
				55CD86F21BD41A81008E93A9 /* intercombatsystem.h */,
				55CD86F11BD41A81008E93A9 /* intercombatsystem.cpp */,
				550774C51BD3B1B100299EC5 /* Info.plist */,
			);
			path = intercombatsystem_cpp;
			sourceTree = "<group>";
		};
/* End PBXGroup section */

/* Begin PBXHeadersBuildPhase section */
		550774BE1BD3B1B100299EC5 /* Headers */ = {
			isa = PBXHeadersBuildPhase;
			buildActionMask = 2147483647;
			files = (
				550774D11BD3B40800299EC5 /* intercombatsystem_bridging_header.h in Headers */,
				550774D51BD3B49F00299EC5 /* intercombatsystem_cpp.hpp in Headers */,
				55CD86F41BD41A81008E93A9 /* intercombatsystem.h in Headers */,
			);
			runOnlyForDeploymentPostprocessing = 0;
		};
/* End PBXHeadersBuildPhase section */

/* Begin PBXNativeTarget section */
		550774A91BD38F5700299EC5 /* intercombatsystem */ = {
			isa = PBXNativeTarget;
			buildConfigurationList = 550774B71BD38F5700299EC5 /* Build configuration list for PBXNativeTarget "intercombatsystem" */;
			buildPhases = (
				550774A61BD38F5700299EC5 /* Sources */,
				550774A71BD38F5700299EC5 /* Frameworks */,
				550774A81BD38F5700299EC5 /* Resources */,
				550774CD1BD3B1B100299EC5 /* Embed Frameworks */,
			);
			buildRules = (
			);
			dependencies = (
				550774C71BD3B1B100299EC5 /* PBXTargetDependency */,
			);
			name = intercombatsystem;
			productName = intercombatsystem;
			productReference = 550774AA1BD38F5700299EC5 /* intercombatsystem.app */;
			productType = "com.apple.product-type.application";
		};
		550774C01BD3B1B100299EC5 /* intercombatsystem_cpp */ = {
			isa = PBXNativeTarget;
			buildConfigurationList = 550774CA1BD3B1B100299EC5 /* Build configuration list for PBXNativeTarget "intercombatsystem_cpp" */;
			buildPhases = (
				550774BC1BD3B1B100299EC5 /* Sources */,
				550774BD1BD3B1B100299EC5 /* Frameworks */,
				550774BE1BD3B1B100299EC5 /* Headers */,
				550774BF1BD3B1B100299EC5 /* Resources */,
			);
			buildRules = (
			);
			dependencies = (
			);
			name = intercombatsystem_cpp;
			productName = intercombatsystem_cpp;
			productReference = 550774C11BD3B1B100299EC5 /* intercombatsystem_cpp.framework */;
			productType = "com.apple.product-type.framework";
		};
/* End PBXNativeTarget section */

/* Begin PBXProject section */
		550774A21BD38F5700299EC5 /* Project object */ = {
			isa = PBXProject;
			attributes = {
				LastSwiftUpdateCheck = 0700;
				LastUpgradeCheck = 0700;
				ORGANIZATIONNAME = "Uli Kusterer";
				TargetAttributes = {
					550774A91BD38F5700299EC5 = {
						CreatedOnToolsVersion = 7.0.1;
					};
					550774C01BD3B1B100299EC5 = {
						CreatedOnToolsVersion = 7.0.1;
					};
				};
			};
			buildConfigurationList = 550774A51BD38F5700299EC5 /* Build configuration list for PBXProject "intercombatsystem" */;
			compatibilityVersion = "Xcode 3.2";
			developmentRegion = English;
			hasScannedForEncodings = 0;
			knownRegions = (
				en,
				Base,
			);
			mainGroup = 550774A11BD38F5700299EC5;
			productRefGroup = 550774AB1BD38F5700299EC5 /* Products */;
			projectDirPath = "";
			projectRoot = "";
			targets = (
				550774A91BD38F5700299EC5 /* intercombatsystem */,
				550774C01BD3B1B100299EC5 /* intercombatsystem_cpp */,
			);
		};
/* End PBXProject section */

/* Begin PBXResourcesBuildPhase section */
		550774A81BD38F5700299EC5 /* Resources */ = {
			isa = PBXResourcesBuildPhase;
			buildActionMask = 2147483647;
			files = (
				550774B01BD38F5700299EC5 /* Assets.xcassets in Resources */,
				550774B31BD38F5700299EC5 /* MainMenu.xib in Resources */,
			);
			runOnlyForDeploymentPostprocessing = 0;
		};
		550774BF1BD3B1B100299EC5 /* Resources */ = {
			isa = PBXResourcesBuildPhase;
			buildActionMask = 2147483647;
			files = (
			);
			runOnlyForDeploymentPostprocessing = 0;
		};
/* End PBXResourcesBuildPhase section */

/* Begin PBXSourcesBuildPhase section */
		550774A61BD38F5700299EC5 /* Sources */ = {
			isa = PBXSourcesBuildPhase;
			buildActionMask = 2147483647;
			files = (
				550774BB1BD38F7800299EC5 /* CombatTestView.swift in Sources */,
				550774AE1BD38F5700299EC5 /* AppDelegate.swift in Sources */,
			);
			runOnlyForDeploymentPostprocessing = 0;
		};
		550774BC1BD3B1B100299EC5 /* Sources */ = {
			isa = PBXSourcesBuildPhase;
			buildActionMask = 2147483647;
			files = (
				55CD86F61BD42250008E93A9 /* intercombatsystem_cpp.cpp in Sources */,
				550774CF1BD3B24700299EC5 /* intercombatsystem.swift in Sources */,
				55CD86F31BD41A81008E93A9 /* intercombatsystem.cpp in Sources */,
			);
			runOnlyForDeploymentPostprocessing = 0;
		};
/* End PBXSourcesBuildPhase section */

/* Begin PBXTargetDependency section */
		550774C71BD3B1B100299EC5 /* PBXTargetDependency */ = {
			isa = PBXTargetDependency;
			target = 550774C01BD3B1B100299EC5 /* intercombatsystem_cpp */;
			targetProxy = 550774C61BD3B1B100299EC5 /* PBXContainerItemProxy */;
		};
/* End PBXTargetDependency section */

/* Begin PBXVariantGroup section */
		550774B11BD38F5700299EC5 /* MainMenu.xib */ = {
			isa = PBXVariantGroup;
			children = (
				550774B21BD38F5700299EC5 /* Base */,
			);
			name = MainMenu.xib;
			sourceTree = "<group>";
		};
/* End PBXVariantGroup section */

/* Begin XCBuildConfiguration section */
		550774B51BD38F5700299EC5 /* Debug */ = {
			isa = XCBuildConfiguration;
			buildSettings = {
				ALWAYS_SEARCH_USER_PATHS = NO;
				CLANG_CXX_LANGUAGE_STANDARD = "gnu++0x";
				CLANG_CXX_LIBRARY = "libc++";
				CLANG_ENABLE_MODULES = YES;
				CLANG_ENABLE_OBJC_ARC = YES;
				CLANG_WARN_BOOL_CONVERSION = YES;
				CLANG_WARN_CONSTANT_CONVERSION = YES;
				CLANG_WARN_DIRECT_OBJC_ISA_USAGE = YES_ERROR;
				CLANG_WARN_EMPTY_BODY = YES;
				CLANG_WARN_ENUM_CONVERSION = YES;
				CLANG_WARN_INT_CONVERSION = YES;
				CLANG_WARN_OBJC_ROOT_CLASS = YES_ERROR;
				CLANG_WARN_UNREACHABLE_CODE = YES;
				CLANG_WARN__DUPLICATE_METHOD_MATCH = YES;
				CODE_SIGN_IDENTITY = "-";
				COPY_PHASE_STRIP = NO;
				DEBUG_INFORMATION_FORMAT = dwarf;
				ENABLE_STRICT_OBJC_MSGSEND = YES;
				ENABLE_TESTABILITY = YES;
				GCC_C_LANGUAGE_STANDARD = gnu99;
				GCC_DYNAMIC_NO_PIC = NO;
				GCC_NO_COMMON_BLOCKS = YES;
				GCC_OPTIMIZATION_LEVEL = 0;
				GCC_PREPROCESSOR_DEFINITIONS = (
					"DEBUG=1",
					"$(inherited)",
				);
				GCC_WARN_64_TO_32_BIT_CONVERSION = YES;
				GCC_WARN_ABOUT_RETURN_TYPE = YES_ERROR;
				GCC_WARN_UNDECLARED_SELECTOR = YES;
				GCC_WARN_UNINITIALIZED_AUTOS = YES_AGGRESSIVE;
				GCC_WARN_UNUSED_FUNCTION = YES;
				GCC_WARN_UNUSED_VARIABLE = YES;
				MACOSX_DEPLOYMENT_TARGET = 10.11;
				MTL_ENABLE_DEBUG_INFO = YES;
				ONLY_ACTIVE_ARCH = YES;
				SDKROOT = macosx;
				SWIFT_OPTIMIZATION_LEVEL = "-Onone";
			};
			name = Debug;
		};
		550774B61BD38F5700299EC5 /* Release */ = {
			isa = XCBuildConfiguration;
			buildSettings = {
				ALWAYS_SEARCH_USER_PATHS = NO;
				CLANG_CXX_LANGUAGE_STANDARD = "gnu++0x";
				CLANG_CXX_LIBRARY = "libc++";
				CLANG_ENABLE_MODULES = YES;
				CLANG_ENABLE_OBJC_ARC = YES;
				CLANG_WARN_BOOL_CONVERSION = YES;
				CLANG_WARN_CONSTANT_CONVERSION = YES;
				CLANG_WARN_DIRECT_OBJC_ISA_USAGE = YES_ERROR;
				CLANG_WARN_EMPTY_BODY = YES;
				CLANG_WARN_ENUM_CONVERSION = YES;
				CLANG_WARN_INT_CONVERSION = YES;
				CLANG_WARN_OBJC_ROOT_CLASS = YES_ERROR;
				CLANG_WARN_UNREACHABLE_CODE = YES;
				CLANG_WARN__DUPLICATE_METHOD_MATCH = YES;
				CODE_SIGN_IDENTITY = "-";
				COPY_PHASE_STRIP = NO;
				DEBUG_INFORMATION_FORMAT = "dwarf-with-dsym";
				ENABLE_NS_ASSERTIONS = NO;
				ENABLE_STRICT_OBJC_MSGSEND = YES;
				GCC_C_LANGUAGE_STANDARD = gnu99;
				GCC_NO_COMMON_BLOCKS = YES;
				GCC_WARN_64_TO_32_BIT_CONVERSION = YES;
				GCC_WARN_ABOUT_RETURN_TYPE = YES_ERROR;
				GCC_WARN_UNDECLARED_SELECTOR = YES;
				GCC_WARN_UNINITIALIZED_AUTOS = YES_AGGRESSIVE;
				GCC_WARN_UNUSED_FUNCTION = YES;
				GCC_WARN_UNUSED_VARIABLE = YES;
				MACOSX_DEPLOYMENT_TARGET = 10.11;
				MTL_ENABLE_DEBUG_INFO = NO;
				SDKROOT = macosx;
			};
			name = Release;
		};
		550774B81BD38F5700299EC5 /* Debug */ = {
			isa = XCBuildConfiguration;
			buildSettings = {
				ASSETCATALOG_COMPILER_APPICON_NAME = AppIcon;
				COMBINE_HIDPI_IMAGES = YES;
				EMBEDDED_CONTENT_CONTAINS_SWIFT = YES;
				INFOPLIST_FILE = intercombatsystem/Info.plist;
				LD_RUNPATH_SEARCH_PATHS = "$(inherited) @executable_path/../Frameworks";
				PRODUCT_BUNDLE_IDENTIFIER = com.thevoidsoftware.intercombatsystem;
				PRODUCT_NAME = "$(TARGET_NAME)";
			};
			name = Debug;
		};
		550774B91BD38F5700299EC5 /* Release */ = {
			isa = XCBuildConfiguration;
			buildSettings = {
				ASSETCATALOG_COMPILER_APPICON_NAME = AppIcon;
				COMBINE_HIDPI_IMAGES = YES;
				EMBEDDED_CONTENT_CONTAINS_SWIFT = YES;
				INFOPLIST_FILE = intercombatsystem/Info.plist;
				LD_RUNPATH_SEARCH_PATHS = "$(inherited) @executable_path/../Frameworks";
				PRODUCT_BUNDLE_IDENTIFIER = com.thevoidsoftware.intercombatsystem;
				PRODUCT_NAME = "$(TARGET_NAME)";
			};
			name = Release;
		};
		550774CB1BD3B1B100299EC5 /* Debug */ = {
			isa = XCBuildConfiguration;
			buildSettings = {
				CLANG_ENABLE_MODULES = YES;
				COMBINE_HIDPI_IMAGES = YES;
				CURRENT_PROJECT_VERSION = 1;
				DEFINES_MODULE = YES;
				DYLIB_COMPATIBILITY_VERSION = 1;
				DYLIB_CURRENT_VERSION = 1;
				DYLIB_INSTALL_NAME_BASE = "@rpath";
				FRAMEWORK_VERSION = A;
				INFOPLIST_FILE = intercombatsystem_cpp/Info.plist;
				INSTALL_PATH = "$(LOCAL_LIBRARY_DIR)/Frameworks";
				LD_RUNPATH_SEARCH_PATHS = "$(inherited) @executable_path/../Frameworks @loader_path/Frameworks";
				PRODUCT_BUNDLE_IDENTIFIER = "com.thevoidsoftware.intercombatsystem-cpp";
				PRODUCT_NAME = "$(TARGET_NAME)";
				SKIP_INSTALL = YES;
				SWIFT_OBJC_BRIDGING_HEADER = intercombatsystem_cpp/intercombatsystem_bridging_header.h;
				SWIFT_OPTIMIZATION_LEVEL = "-Onone";
				VERSIONING_SYSTEM = "apple-generic";
				VERSION_INFO_PREFIX = "";
			};
			name = Debug;
		};
		550774CC1BD3B1B100299EC5 /* Release */ = {
			isa = XCBuildConfiguration;
			buildSettings = {
				CLANG_ENABLE_MODULES = YES;
				COMBINE_HIDPI_IMAGES = YES;
				CURRENT_PROJECT_VERSION = 1;
				DEFINES_MODULE = YES;
				DYLIB_COMPATIBILITY_VERSION = 1;
				DYLIB_CURRENT_VERSION = 1;
				DYLIB_INSTALL_NAME_BASE = "@rpath";
				FRAMEWORK_VERSION = A;
				INFOPLIST_FILE = intercombatsystem_cpp/Info.plist;
				INSTALL_PATH = "$(LOCAL_LIBRARY_DIR)/Frameworks";
				LD_RUNPATH_SEARCH_PATHS = "$(inherited) @executable_path/../Frameworks @loader_path/Frameworks";
				PRODUCT_BUNDLE_IDENTIFIER = "com.thevoidsoftware.intercombatsystem-cpp";
				PRODUCT_NAME = "$(TARGET_NAME)";
				SKIP_INSTALL = YES;
				SWIFT_OBJC_BRIDGING_HEADER = intercombatsystem_cpp/intercombatsystem_bridging_header.h;
				VERSIONING_SYSTEM = "apple-generic";
				VERSION_INFO_PREFIX = "";
			};
			name = Release;
		};
/* End XCBuildConfiguration section */

/* Begin XCConfigurationList section */
		550774A51BD38F5700299EC5 /* Build configuration list for PBXProject "intercombatsystem" */ = {
			isa = XCConfigurationList;
			buildConfigurations = (
				550774B51BD38F5700299EC5 /* Debug */,
				550774B61BD38F5700299EC5 /* Release */,
			);
			defaultConfigurationIsVisible = 0;
			defaultConfigurationName = Release;
		};
		550774B71BD38F5700299EC5 /* Build configuration list for PBXNativeTarget "intercombatsystem" */ = {
			isa = XCConfigurationList;
			buildConfigurations = (
				550774B81BD38F5700299EC5 /* Debug */,
				550774B91BD38F5700299EC5 /* Release */,
			);
			defaultConfigurationIsVisible = 0;
			defaultConfigurationName = Release;
		};
		550774CA1BD3B1B100299EC5 /* Build configuration list for PBXNativeTarget "intercombatsystem_cpp" */ = {
			isa = XCConfigurationList;
			buildConfigurations = (
				550774CB1BD3B1B100299EC5 /* Debug */,
				550774CC1BD3B1B100299EC5 /* Release */,
			);
			defaultConfigurationIsVisible = 0;
			defaultConfigurationName = Release;
		};
/* End XCConfigurationList section */
	};
	rootObject = 550774A21BD38F5700299EC5 /* Project object */;
}
